
Microsoft Visual Studio Solution File, Format Version 12.00
# Visual Studio 15
VisualStudioVersion = 15.0.26730.16
MinimumVisualStudioVersion = 10.0.40219.1
Project("{9A19103F-16F7-4668-BE54-9A1E7A4F7556}") = "GeneralBusinessSystem", "GeneralBusinessSystem\GeneralBusinessSystem.csproj", "{896A5701-3335-407C-9DA9-D7B4BCA96207}"
EndProject
Project("{2150E333-8FDC-42A3-9474-1A3956D46DE8}") = "文档", "文档", "{A9EA6AD1-1A76-4599-AB5D-4CCF7842454B}"
	ProjectSection(SolutionItems) = preProject
		doc\script.sql = doc\script.sql
		doc\《通用业务管理系统》开发文档2.0.doc = doc\《通用业务管理系统》开发文档2.0.doc
	EndProjectSection
EndProject
Project("{9A19103F-16F7-4668-BE54-9A1E7A4F7556}") = "GeneralBusinessData", "GeneralBusinessData\GeneralBusinessData.csproj", "{6C53484D-97BD-4974-B1A3-84CA549907C1}"
EndProject
Project("{9A19103F-16F7-4668-BE54-9A1E7A4F7556}") = "GeneralBusinessRepository", "GeneralBusinessRepository\GeneralBusinessRepository.csproj", "{359E778B-157E-4FE3-AA5F-B173AB8DF472}"
EndProject
Project("{2150E333-8FDC-42A3-9474-1A3956D46DE8}") = "通用业务平台", "通用业务平台", "{CAFD7866-29D5-4244-AF96-134A3713A367}"
EndProject
Project("{9A19103F-16F7-4668-BE54-9A1E7A4F7556}") = "Common", "Common\Common.csproj", "{1A254C02-FA52-4D4F-8C8A-3E392313D057}"
EndProject
Project("{2150E333-8FDC-42A3-9474-1A3956D46DE8}") = "Solution Items", "Solution Items", "{DF3C4063-38AB-4E78-92CF-E63E4E68F337}"
	ProjectSection(SolutionItems) = preProject
		十二要素.json = 十二要素.json
		微服务.json = 微服务.json
		架构原则.json = 架构原则.json
		领域模型.json = 领域模型.json
		高效程序员的45个习惯.json = 高效程序员的45个习惯.json
	EndProjectSection
EndProject
Global
	GlobalSection(SolutionConfigurationPlatforms) = preSolution
		Debug|Any CPU = Debug|Any CPU
		Release|Any CPU = Release|Any CPU
	EndGlobalSection
	GlobalSection(ProjectConfigurationPlatforms) = postSolution
		{896A5701-3335-407C-9DA9-D7B4BCA96207}.Debug|Any CPU.ActiveCfg = Debug|Any CPU
		{896A5701-3335-407C-9DA9-D7B4BCA96207}.Debug|Any CPU.Build.0 = Debug|Any CPU
		{896A5701-3335-407C-9DA9-D7B4BCA96207}.Release|Any CPU.ActiveCfg = Release|Any CPU
		{896A5701-3335-407C-9DA9-D7B4BCA96207}.Release|Any CPU.Build.0 = Release|Any CPU
		{6C53484D-97BD-4974-B1A3-84CA549907C1}.Debug|Any CPU.ActiveCfg = Debug|Any CPU
		{6C53484D-97BD-4974-B1A3-84CA549907C1}.Debug|Any CPU.Build.0 = Debug|Any CPU
		{6C53484D-97BD-4974-B1A3-84CA549907C1}.Release|Any CPU.ActiveCfg = Release|Any CPU
		{6C53484D-97BD-4974-B1A3-84CA549907C1}.Release|Any CPU.Build.0 = Release|Any CPU
		{359E778B-157E-4FE3-AA5F-B173AB8DF472}.Debug|Any CPU.ActiveCfg = Debug|Any CPU
		{359E778B-157E-4FE3-AA5F-B173AB8DF472}.Debug|Any CPU.Build.0 = Debug|Any CPU
		{359E778B-157E-4FE3-AA5F-B173AB8DF472}.Release|Any CPU.ActiveCfg = Release|Any CPU
		{359E778B-157E-4FE3-AA5F-B173AB8DF472}.Release|Any CPU.Build.0 = Release|Any CPU
		{1A254C02-FA52-4D4F-8C8A-3E392313D057}.Debug|Any CPU.ActiveCfg = Debug|Any CPU
		{1A254C02-FA52-4D4F-8C8A-3E392313D057}.Debug|Any CPU.Build.0 = Debug|Any CPU
		{1A254C02-FA52-4D4F-8C8A-3E392313D057}.Release|Any CPU.ActiveCfg = Release|Any CPU
		{1A254C02-FA52-4D4F-8C8A-3E392313D057}.Release|Any CPU.Build.0 = Release|Any CPU
	EndGlobalSection
	GlobalSection(SolutionProperties) = preSolution
		HideSolutionNode = FALSE
	EndGlobalSection
	GlobalSection(NestedProjects) = preSolution
		{896A5701-3335-407C-9DA9-D7B4BCA96207} = {CAFD7866-29D5-4244-AF96-134A3713A367}
		{A9EA6AD1-1A76-4599-AB5D-4CCF7842454B} = {CAFD7866-29D5-4244-AF96-134A3713A367}
		{6C53484D-97BD-4974-B1A3-84CA549907C1} = {CAFD7866-29D5-4244-AF96-134A3713A367}
		{359E778B-157E-4FE3-AA5F-B173AB8DF472} = {CAFD7866-29D5-4244-AF96-134A3713A367}
		{1A254C02-FA52-4D4F-8C8A-3E392313D057} = {CAFD7866-29D5-4244-AF96-134A3713A367}
	EndGlobalSection
	GlobalSection(ExtensibilityGlobals) = postSolution
		SolutionGuid = {BA5C9A64-ABFD-4E2F-A92D-5999028F201D}
	EndGlobalSection
EndGlobal
